
Microsoft Visual Studio Solution File, Format Version 12.00
# Visual Studio Version 16
VisualStudioVersion = 16.0.30621.155
MinimumVisualStudioVersion = 10.0.40219.1
Project("{FAE04EC0-301F-11D3-BF4B-00C04F79EFBC}") = "Respeaker.Net", "projects\Respeaker.Net\Respeaker.Net.csproj", "{B25791FD-D3E7-40AF-8D67-F5F902AD9BFF}"
EndProject
Global
	GlobalSection(SolutionConfigurationPlatforms) = preSolution
		Debug|Any CPU = Debug|Any CPU
		Release|Any CPU = Release|Any CPU
	EndGlobalSection
	GlobalSection(ProjectConfigurationPlatforms) = postSolution
		{B25791FD-D3E7-40AF-8D67-F5F902AD9BFF}.Debug|Any CPU.ActiveCfg = Debug|Any CPU
		{B25791FD-D3E7-40AF-8D67-F5F902AD9BFF}.Debug|Any CPU.Build.0 = Debug|Any CPU
		{B25791FD-D3E7-40AF-8D67-F5F902AD9BFF}.Release|Any CPU.ActiveCfg = Release|Any CPU
		{B25791FD-D3E7-40AF-8D67-F5F902AD9BFF}.Release|Any CPU.Build.0 = Release|Any CPU
	EndGlobalSection
	GlobalSection(SolutionProperties) = preSolution
		HideSolutionNode = FALSE
	EndGlobalSection
	GlobalSection(ExtensibilityGlobals) = postSolution
		SolutionGuid = {9DFE54CA-DB63-4D16-BD74-5D39DEA81A9E}
	EndGlobalSection
EndGlobal
